# This file is automatically @generated by Cargo.
# It is not intended for manual editing.
version = 4

[[package]]
name = "command-governor"
version = "0.0.0"

[[package]]
name = "governor-core"
version = "0.0.0"

[[package]]
name = "governor-daemon"
version = "0.0.0"

[[package]]
name = "governor-store-sqlite"
version = "0.0.0"

[[package]]
name = "governor-testkit"
version = "0.0.0"
